# THIS IS AN AUTOGENERATED FILE. DO NOT EDIT THIS FILE DIRECTLY.
# yarn lockfile v1


openzeppelin-solidity@^2.1.1:
  version "2.5.0"
  resolved "https://registry.yarnpkg.com/openzeppelin-solidity/-/openzeppelin-solidity-2.5.0.tgz#829a9bcfc928619dd96c44bd893b180044ff51aa"
  integrity sha512-I0yRC3nff9Kn2LDWuz02fuw0EuomVQ9Z8lHzdqh8P9BiOUzIk8frQRxn/a1Kva3StF6hwPP+Dh3/SQ2ily1Pow==
